// !$*UTF8*$!
{
	archiveVersion = 1;
	classes = {
	};
	objectVersion = 48;
	objects = {

/* Begin PBXGroup section */
		52FA285B1F38CEEE004AC34C = {
			isa = PBXGroup;
			children = (
			);
			sourceTree = "<group>";
		};
/* End PBXGroup section */

/* Begin PBXProject section */
		52FA285C1F38CEEE004AC34C /* Project object */ = {
			isa = PBXProject;
			attributes = {
				LastUpgradeCheck = 0900;
			};
			buildConfigurationList = 52FA285F1F38CEEE004AC34C /* Build configuration list for PBXProject "Presto" */;
			compatibilityVersion = "Xcode 8.0";
			developmentRegion = en;
			hasScannedForEncodings = 0;
			knownRegions = (
				en,
			);
			mainGroup = 52FA285B1F38CEEE004AC34C;
			projectDirPath = "";
			projectRoot = "";
			targets = (
			);
		};
/* End PBXProject section */

/* Begin XCBuildConfiguration section */
		52FA28601F38CEEE004AC34C /* Debug */ = {
			isa = XCBuildConfiguration;
			buildSettings = {
			};
			name = Debug;
		};
		52FA28611F38CEEE004AC34C /* Release */ = {
			isa = XCBuildConfiguration;
			buildSettings = {
			};
			name = Release;
		};
/* End XCBuildConfiguration section */

/* Begin XCConfigurationList section */
		52FA285F1F38CEEE004AC34C /* Build configuration list for PBXProject "Presto" */ = {
			isa = XCConfigurationList;
			buildConfigurations = (
				52FA28601F38CEEE004AC34C /* Debug */,
				52FA28611F38CEEE004AC34C /* Release */,
			);
			defaultConfigurationIsVisible = 0;
			defaultConfigurationName = Release;
		};
/* End XCConfigurationList section */
	};
	rootObject = 52FA285C1F38CEEE004AC34C /* Project object */;
}
